
Microsoft Visual Studio Solution File, Format Version 12.00
# Visual Studio 15
VisualStudioVersion = 15.0.28010.2019
MinimumVisualStudioVersion = 10.0.40219.1
Project("{FAE04EC0-301F-11D3-BF4B-00C04F79EFBC}") = "WpfMessage", "WpfMessage\WpfMessage.csproj", "{FB192818-4BE2-415D-86F6-75D45B30A333}"
EndProject
Project("{FAE04EC0-301F-11D3-BF4B-00C04F79EFBC}") = "CopyDataStruct", "CopyDataStruct\CopyDataStruct.csproj", "{4A394D46-42F5-444E-A81B-078CF6DBA1BC}"
EndProject
Global
	GlobalSection(SolutionConfigurationPlatforms) = preSolution
		Debug|Any CPU = Debug|Any CPU
		Release|Any CPU = Release|Any CPU
	EndGlobalSection
	GlobalSection(ProjectConfigurationPlatforms) = postSolution
		{FB192818-4BE2-415D-86F6-75D45B30A333}.Debug|Any CPU.ActiveCfg = Debug|Any CPU
		{FB192818-4BE2-415D-86F6-75D45B30A333}.Debug|Any CPU.Build.0 = Debug|Any CPU
		{FB192818-4BE2-415D-86F6-75D45B30A333}.Release|Any CPU.ActiveCfg = Release|Any CPU
		{FB192818-4BE2-415D-86F6-75D45B30A333}.Release|Any CPU.Build.0 = Release|Any CPU
		{4A394D46-42F5-444E-A81B-078CF6DBA1BC}.Debug|Any CPU.ActiveCfg = Debug|Any CPU
		{4A394D46-42F5-444E-A81B-078CF6DBA1BC}.Debug|Any CPU.Build.0 = Debug|Any CPU
		{4A394D46-42F5-444E-A81B-078CF6DBA1BC}.Release|Any CPU.ActiveCfg = Release|Any CPU
		{4A394D46-42F5-444E-A81B-078CF6DBA1BC}.Release|Any CPU.Build.0 = Release|Any CPU
	EndGlobalSection
	GlobalSection(SolutionProperties) = preSolution
		HideSolutionNode = FALSE
	EndGlobalSection
	GlobalSection(ExtensibilityGlobals) = postSolution
		SolutionGuid = {BFC1078C-4BF8-4241-AB4D-0F9CE1D054FD}
	EndGlobalSection
EndGlobal
